
Microsoft Visual Studio Solution File, Format Version 12.00
# Visual Studio 14
VisualStudioVersion = 14.0.25123.0
MinimumVisualStudioVersion = 10.0.40219.1
Project("{FAE04EC0-301F-11D3-BF4B-00C04F79EFBC}") = "AppSettingsUtils", "AppSettingsUtils\AppSettingsUtils.csproj", "{D32C1422-6A7C-432E-AA8B-22149E540D76}"
EndProject
Project("{FAE04EC0-301F-11D3-BF4B-00C04F79EFBC}") = "AppSettingsUtils.UnitTests", "AppSettingsUtils.UnitTests\AppSettingsUtils.UnitTests.csproj", "{C0B7979B-9FB1-4529-B632-26963BD85491}"
EndProject
Project("{2150E333-8FDC-42A3-9474-1A3956D46DE8}") = "Solution Items", "Solution Items", "{D3E10072-F9F2-437D-99EC-F995005090CD}"
EndProject
Global
	GlobalSection(SolutionConfigurationPlatforms) = preSolution
		Debug|Any CPU = Debug|Any CPU
		Release|Any CPU = Release|Any CPU
	EndGlobalSection
	GlobalSection(ProjectConfigurationPlatforms) = postSolution
		{D32C1422-6A7C-432E-AA8B-22149E540D76}.Debug|Any CPU.ActiveCfg = Debug|Any CPU
		{D32C1422-6A7C-432E-AA8B-22149E540D76}.Debug|Any CPU.Build.0 = Debug|Any CPU
		{D32C1422-6A7C-432E-AA8B-22149E540D76}.Release|Any CPU.ActiveCfg = Release|Any CPU
		{D32C1422-6A7C-432E-AA8B-22149E540D76}.Release|Any CPU.Build.0 = Release|Any CPU
		{C0B7979B-9FB1-4529-B632-26963BD85491}.Debug|Any CPU.ActiveCfg = Debug|Any CPU
		{C0B7979B-9FB1-4529-B632-26963BD85491}.Debug|Any CPU.Build.0 = Debug|Any CPU
		{C0B7979B-9FB1-4529-B632-26963BD85491}.Release|Any CPU.ActiveCfg = Release|Any CPU
		{C0B7979B-9FB1-4529-B632-26963BD85491}.Release|Any CPU.Build.0 = Release|Any CPU
	EndGlobalSection
	GlobalSection(SolutionProperties) = preSolution
		HideSolutionNode = FALSE
	EndGlobalSection
EndGlobal
